// !$*UTF8*$!
{
	archiveVersion = 1;
	classes = {
	};
	objectVersion = 55;
	objects = {

/* Begin PBXBuildFile section */
		A8034C4928C78EE100FF3959 /* PreferenceKeys.swift in Sources */ = {isa = PBXBuildFile; fileRef = A8034C4828C78EE100FF3959 /* PreferenceKeys.swift */; };
		A87B9C4728C7858800360A34 /* FeaturedItem.swift in Sources */ = {isa = PBXBuildFile; fileRef = A87B9C4628C7858800360A34 /* FeaturedItem.swift */; };
		A87B9C4928C7868800360A34 /* NavigationBar.swift in Sources */ = {isa = PBXBuildFile; fileRef = A87B9C4828C7868800360A34 /* NavigationBar.swift */; };
		A894102828C0A85300E48929 /* DesignCodeIOS15App.swift in Sources */ = {isa = PBXBuildFile; fileRef = A894102728C0A85300E48929 /* DesignCodeIOS15App.swift */; };
		A894102A28C0A85300E48929 /* ContentView.swift in Sources */ = {isa = PBXBuildFile; fileRef = A894102928C0A85300E48929 /* ContentView.swift */; };
		A894102C28C0A85400E48929 /* Assets.xcassets in Resources */ = {isa = PBXBuildFile; fileRef = A894102B28C0A85400E48929 /* Assets.xcassets */; };
		A894102F28C0A85400E48929 /* Preview Assets.xcassets in Resources */ = {isa = PBXBuildFile; fileRef = A894102E28C0A85400E48929 /* Preview Assets.xcassets */; };
		A894103628C0E2C500E48929 /* Styles.swift in Sources */ = {isa = PBXBuildFile; fileRef = A894103528C0E2C500E48929 /* Styles.swift */; };
		A894103828C0F5E400E48929 /* AccountView.swift in Sources */ = {isa = PBXBuildFile; fileRef = A894103728C0F5E400E48929 /* AccountView.swift */; };
		A8CFE50728C1E36600E96FFC /* HexagonView.swift in Sources */ = {isa = PBXBuildFile; fileRef = A8CFE50628C1E36600E96FFC /* HexagonView.swift */; };
		A8CFE50928C1EB3100E96FFC /* BlobView.swift in Sources */ = {isa = PBXBuildFile; fileRef = A8CFE50828C1EB3100E96FFC /* BlobView.swift */; };
		A8CFE50B28C245F400E96FFC /* TabBar.swift in Sources */ = {isa = PBXBuildFile; fileRef = A8CFE50A28C245F400E96FFC /* TabBar.swift */; };
		A8CFE50D28C24ABF00E96FFC /* Tab.swift in Sources */ = {isa = PBXBuildFile; fileRef = A8CFE50C28C24ABF00E96FFC /* Tab.swift */; };
		A8CFE50F28C4CA7A00E96FFC /* HomeView.swift in Sources */ = {isa = PBXBuildFile; fileRef = A8CFE50E28C4CA7A00E96FFC /* HomeView.swift */; };
/* End PBXBuildFile section */

/* Begin PBXFileReference section */
		A8034C4828C78EE100FF3959 /* PreferenceKeys.swift */ = {isa = PBXFileReference; lastKnownFileType = sourcecode.swift; path = PreferenceKeys.swift; sourceTree = "<group>"; };
		A87B9C4628C7858800360A34 /* FeaturedItem.swift */ = {isa = PBXFileReference; lastKnownFileType = sourcecode.swift; path = FeaturedItem.swift; sourceTree = "<group>"; };
		A87B9C4828C7868800360A34 /* NavigationBar.swift */ = {isa = PBXFileReference; lastKnownFileType = sourcecode.swift; path = NavigationBar.swift; sourceTree = "<group>"; };
		A894102428C0A85300E48929 /* DesignCodeIOS15.app */ = {isa = PBXFileReference; explicitFileType = wrapper.application; includeInIndex = 0; path = DesignCodeIOS15.app; sourceTree = BUILT_PRODUCTS_DIR; };
		A894102728C0A85300E48929 /* DesignCodeIOS15App.swift */ = {isa = PBXFileReference; lastKnownFileType = sourcecode.swift; path = DesignCodeIOS15App.swift; sourceTree = "<group>"; };
		A894102928C0A85300E48929 /* ContentView.swift */ = {isa = PBXFileReference; lastKnownFileType = sourcecode.swift; path = ContentView.swift; sourceTree = "<group>"; };
		A894102B28C0A85400E48929 /* Assets.xcassets */ = {isa = PBXFileReference; lastKnownFileType = folder.assetcatalog; path = Assets.xcassets; sourceTree = "<group>"; };
		A894102E28C0A85400E48929 /* Preview Assets.xcassets */ = {isa = PBXFileReference; lastKnownFileType = folder.assetcatalog; path = "Preview Assets.xcassets"; sourceTree = "<group>"; };
		A894103528C0E2C500E48929 /* Styles.swift */ = {isa = PBXFileReference; lastKnownFileType = sourcecode.swift; path = Styles.swift; sourceTree = "<group>"; };
		A894103728C0F5E400E48929 /* AccountView.swift */ = {isa = PBXFileReference; lastKnownFileType = sourcecode.swift; path = AccountView.swift; sourceTree = "<group>"; };
		A8CFE50628C1E36600E96FFC /* HexagonView.swift */ = {isa = PBXFileReference; lastKnownFileType = sourcecode.swift; path = HexagonView.swift; sourceTree = "<group>"; };
		A8CFE50828C1EB3100E96FFC /* BlobView.swift */ = {isa = PBXFileReference; lastKnownFileType = sourcecode.swift; path = BlobView.swift; sourceTree = "<group>"; };
		A8CFE50A28C245F400E96FFC /* TabBar.swift */ = {isa = PBXFileReference; lastKnownFileType = sourcecode.swift; path = TabBar.swift; sourceTree = "<group>"; };
		A8CFE50C28C24ABF00E96FFC /* Tab.swift */ = {isa = PBXFileReference; lastKnownFileType = sourcecode.swift; path = Tab.swift; sourceTree = "<group>"; };
		A8CFE50E28C4CA7A00E96FFC /* HomeView.swift */ = {isa = PBXFileReference; lastKnownFileType = sourcecode.swift; path = HomeView.swift; sourceTree = "<group>"; };
/* End PBXFileReference section */

/* Begin PBXFrameworksBuildPhase section */
		A894102128C0A85300E48929 /* Frameworks */ = {
			isa = PBXFrameworksBuildPhase;
			buildActionMask = 2147483647;
			files = (
			);
			runOnlyForDeploymentPostprocessing = 0;
		};
/* End PBXFrameworksBuildPhase section */

/* Begin PBXGroup section */
		A894101B28C0A85300E48929 = {
			isa = PBXGroup;
			children = (
				A894102628C0A85300E48929 /* DesignCodeIOS15 */,
				A894102528C0A85300E48929 /* Products */,
			);
			sourceTree = "<group>";
		};
		A894102528C0A85300E48929 /* Products */ = {
			isa = PBXGroup;
			children = (
				A894102428C0A85300E48929 /* DesignCodeIOS15.app */,
			);
			name = Products;
			sourceTree = "<group>";
		};
		A894102628C0A85300E48929 /* DesignCodeIOS15 */ = {
			isa = PBXGroup;
			children = (
				A894102728C0A85300E48929 /* DesignCodeIOS15App.swift */,
				A8CFE51028C4CC7400E96FFC /* Navigation */,
				A8CFE51128C4CC8700E96FFC /* Views */,
				A8CFE51228C4CC9400E96FFC /* Components */,
				A8CFE51328C4CCBF00E96FFC /* Model */,
				A8CFE51428C4CCD400E96FFC /* Styles */,
				A894102B28C0A85400E48929 /* Assets.xcassets */,
				A894102D28C0A85400E48929 /* Preview Content */,
			);
			path = DesignCodeIOS15;
			sourceTree = "<group>";
		};
		A894102D28C0A85400E48929 /* Preview Content */ = {
			isa = PBXGroup;
			children = (
				A894102E28C0A85400E48929 /* Preview Assets.xcassets */,
			);
			path = "Preview Content";
			sourceTree = "<group>";
		};
		A8CFE51028C4CC7400E96FFC /* Navigation */ = {
			isa = PBXGroup;
			children = (
				A8CFE50A28C245F400E96FFC /* TabBar.swift */,
				A894102928C0A85300E48929 /* ContentView.swift */,
				A87B9C4828C7868800360A34 /* NavigationBar.swift */,
			);
			path = Navigation;
			sourceTree = "<group>";
		};
		A8CFE51128C4CC8700E96FFC /* Views */ = {
			isa = PBXGroup;
			children = (
				A8CFE50E28C4CA7A00E96FFC /* HomeView.swift */,
				A894103728C0F5E400E48929 /* AccountView.swift */,
			);
			path = Views;
			sourceTree = "<group>";
		};
		A8CFE51228C4CC9400E96FFC /* Components */ = {
			isa = PBXGroup;
			children = (
				A8CFE50628C1E36600E96FFC /* HexagonView.swift */,
				A8CFE50828C1EB3100E96FFC /* BlobView.swift */,
				A87B9C4628C7858800360A34 /* FeaturedItem.swift */,
			);
			path = Components;
			sourceTree = "<group>";
		};
		A8CFE51328C4CCBF00E96FFC /* Model */ = {
			isa = PBXGroup;
			children = (
				A8CFE50C28C24ABF00E96FFC /* Tab.swift */,
				A8034C4828C78EE100FF3959 /* PreferenceKeys.swift */,
			);
			path = Model;
			sourceTree = "<group>";
		};
		A8CFE51428C4CCD400E96FFC /* Styles */ = {
			isa = PBXGroup;
			children = (
				A894103528C0E2C500E48929 /* Styles.swift */,
			);
			path = Styles;
			sourceTree = "<group>";
		};
/* End PBXGroup section */

/* Begin PBXNativeTarget section */
		A894102328C0A85300E48929 /* DesignCodeIOS15 */ = {
			isa = PBXNativeTarget;
			buildConfigurationList = A894103228C0A85400E48929 /* Build configuration list for PBXNativeTarget "DesignCodeIOS15" */;
			buildPhases = (
				A894102028C0A85300E48929 /* Sources */,
				A894102128C0A85300E48929 /* Frameworks */,
				A894102228C0A85300E48929 /* Resources */,
			);
			buildRules = (
			);
			dependencies = (
			);
			name = DesignCodeIOS15;
			productName = DesignCodeIOS15;
			productReference = A894102428C0A85300E48929 /* DesignCodeIOS15.app */;
			productType = "com.apple.product-type.application";
		};
/* End PBXNativeTarget section */

/* Begin PBXProject section */
		A894101C28C0A85300E48929 /* Project object */ = {
			isa = PBXProject;
			attributes = {
				BuildIndependentTargetsInParallel = 1;
				LastSwiftUpdateCheck = 1340;
				LastUpgradeCheck = 1340;
				TargetAttributes = {
					A894102328C0A85300E48929 = {
						CreatedOnToolsVersion = 13.4.1;
					};
				};
			};
			buildConfigurationList = A894101F28C0A85300E48929 /* Build configuration list for PBXProject "DesignCodeIOS15" */;
			compatibilityVersion = "Xcode 13.0";
			developmentRegion = en;
			hasScannedForEncodings = 0;
			knownRegions = (
				en,
				Base,
			);
			mainGroup = A894101B28C0A85300E48929;
			productRefGroup = A894102528C0A85300E48929 /* Products */;
			projectDirPath = "";
			projectRoot = "";
			targets = (
				A894102328C0A85300E48929 /* DesignCodeIOS15 */,
			);
		};
/* End PBXProject section */

/* Begin PBXResourcesBuildPhase section */
		A894102228C0A85300E48929 /* Resources */ = {
			isa = PBXResourcesBuildPhase;
			buildActionMask = 2147483647;
			files = (
				A894102F28C0A85400E48929 /* Preview Assets.xcassets in Resources */,
				A894102C28C0A85400E48929 /* Assets.xcassets in Resources */,
			);
			runOnlyForDeploymentPostprocessing = 0;
		};
/* End PBXResourcesBuildPhase section */

/* Begin PBXSourcesBuildPhase section */
		A894102028C0A85300E48929 /* Sources */ = {
			isa = PBXSourcesBuildPhase;
			buildActionMask = 2147483647;
			files = (
				A8CFE50F28C4CA7A00E96FFC /* HomeView.swift in Sources */,
				A894103828C0F5E400E48929 /* AccountView.swift in Sources */,
				A8CFE50728C1E36600E96FFC /* HexagonView.swift in Sources */,
				A894103628C0E2C500E48929 /* Styles.swift in Sources */,
				A8CFE50D28C24ABF00E96FFC /* Tab.swift in Sources */,
				A87B9C4928C7868800360A34 /* NavigationBar.swift in Sources */,
				A8CFE50928C1EB3100E96FFC /* BlobView.swift in Sources */,
				A894102A28C0A85300E48929 /* ContentView.swift in Sources */,
				A894102828C0A85300E48929 /* DesignCodeIOS15App.swift in Sources */,
				A87B9C4728C7858800360A34 /* FeaturedItem.swift in Sources */,
				A8034C4928C78EE100FF3959 /* PreferenceKeys.swift in Sources */,
				A8CFE50B28C245F400E96FFC /* TabBar.swift in Sources */,
			);
			runOnlyForDeploymentPostprocessing = 0;
		};
/* End PBXSourcesBuildPhase section */

/* Begin XCBuildConfiguration section */
		A894103028C0A85400E48929 /* Debug */ = {
			isa = XCBuildConfiguration;
			buildSettings = {
				ALWAYS_SEARCH_USER_PATHS = NO;
				CLANG_ANALYZER_NONNULL = YES;
				CLANG_ANALYZER_NUMBER_OBJECT_CONVERSION = YES_AGGRESSIVE;
				CLANG_CXX_LANGUAGE_STANDARD = "gnu++17";
				CLANG_ENABLE_MODULES = YES;
				CLANG_ENABLE_OBJC_ARC = YES;
				CLANG_ENABLE_OBJC_WEAK = YES;
				CLANG_WARN_BLOCK_CAPTURE_AUTORELEASING = YES;
				CLANG_WARN_BOOL_CONVERSION = YES;
				CLANG_WARN_COMMA = YES;
				CLANG_WARN_CONSTANT_CONVERSION = YES;
				CLANG_WARN_DEPRECATED_OBJC_IMPLEMENTATIONS = YES;
				CLANG_WARN_DIRECT_OBJC_ISA_USAGE = YES_ERROR;
				CLANG_WARN_DOCUMENTATION_COMMENTS = YES;
				CLANG_WARN_EMPTY_BODY = YES;
				CLANG_WARN_ENUM_CONVERSION = YES;
				CLANG_WARN_INFINITE_RECURSION = YES;
				CLANG_WARN_INT_CONVERSION = YES;
				CLANG_WARN_NON_LITERAL_NULL_CONVERSION = YES;
				CLANG_WARN_OBJC_IMPLICIT_RETAIN_SELF = YES;
				CLANG_WARN_OBJC_LITERAL_CONVERSION = YES;
				CLANG_WARN_OBJC_ROOT_CLASS = YES_ERROR;
				CLANG_WARN_QUOTED_INCLUDE_IN_FRAMEWORK_HEADER = YES;
				CLANG_WARN_RANGE_LOOP_ANALYSIS = YES;
				CLANG_WARN_STRICT_PROTOTYPES = YES;
				CLANG_WARN_SUSPICIOUS_MOVE = YES;
				CLANG_WARN_UNGUARDED_AVAILABILITY = YES_AGGRESSIVE;
				CLANG_WARN_UNREACHABLE_CODE = YES;
				CLANG_WARN__DUPLICATE_METHOD_MATCH = YES;
				COPY_PHASE_STRIP = NO;
				DEBUG_INFORMATION_FORMAT = dwarf;
				ENABLE_STRICT_OBJC_MSGSEND = YES;
				ENABLE_TESTABILITY = YES;
				GCC_C_LANGUAGE_STANDARD = gnu11;
				GCC_DYNAMIC_NO_PIC = NO;
				GCC_NO_COMMON_BLOCKS = YES;
				GCC_OPTIMIZATION_LEVEL = 0;
				GCC_PREPROCESSOR_DEFINITIONS = (
					"DEBUG=1",
					"$(inherited)",
				);
				GCC_WARN_64_TO_32_BIT_CONVERSION = YES;
				GCC_WARN_ABOUT_RETURN_TYPE = YES_ERROR;
				GCC_WARN_UNDECLARED_SELECTOR = YES;
				GCC_WARN_UNINITIALIZED_AUTOS = YES_AGGRESSIVE;
				GCC_WARN_UNUSED_FUNCTION = YES;
				GCC_WARN_UNUSED_VARIABLE = YES;
				IPHONEOS_DEPLOYMENT_TARGET = 15.5;
				MTL_ENABLE_DEBUG_INFO = INCLUDE_SOURCE;
				MTL_FAST_MATH = YES;
				ONLY_ACTIVE_ARCH = YES;
				SDKROOT = iphoneos;
				SWIFT_ACTIVE_COMPILATION_CONDITIONS = DEBUG;
				SWIFT_OPTIMIZATION_LEVEL = "-Onone";
			};
			name = Debug;
		};
		A894103128C0A85400E48929 /* Release */ = {
			isa = XCBuildConfiguration;
			buildSettings = {
				ALWAYS_SEARCH_USER_PATHS = NO;
				CLANG_ANALYZER_NONNULL = YES;
				CLANG_ANALYZER_NUMBER_OBJECT_CONVERSION = YES_AGGRESSIVE;
				CLANG_CXX_LANGUAGE_STANDARD = "gnu++17";
				CLANG_ENABLE_MODULES = YES;
				CLANG_ENABLE_OBJC_ARC = YES;
				CLANG_ENABLE_OBJC_WEAK = YES;
				CLANG_WARN_BLOCK_CAPTURE_AUTORELEASING = YES;
				CLANG_WARN_BOOL_CONVERSION = YES;
				CLANG_WARN_COMMA = YES;
				CLANG_WARN_CONSTANT_CONVERSION = YES;
				CLANG_WARN_DEPRECATED_OBJC_IMPLEMENTATIONS = YES;
				CLANG_WARN_DIRECT_OBJC_ISA_USAGE = YES_ERROR;
				CLANG_WARN_DOCUMENTATION_COMMENTS = YES;
				CLANG_WARN_EMPTY_BODY = YES;
				CLANG_WARN_ENUM_CONVERSION = YES;
				CLANG_WARN_INFINITE_RECURSION = YES;
				CLANG_WARN_INT_CONVERSION = YES;
				CLANG_WARN_NON_LITERAL_NULL_CONVERSION = YES;
				CLANG_WARN_OBJC_IMPLICIT_RETAIN_SELF = YES;
				CLANG_WARN_OBJC_LITERAL_CONVERSION = YES;
				CLANG_WARN_OBJC_ROOT_CLASS = YES_ERROR;
				CLANG_WARN_QUOTED_INCLUDE_IN_FRAMEWORK_HEADER = YES;
				CLANG_WARN_RANGE_LOOP_ANALYSIS = YES;
				CLANG_WARN_STRICT_PROTOTYPES = YES;
				CLANG_WARN_SUSPICIOUS_MOVE = YES;
				CLANG_WARN_UNGUARDED_AVAILABILITY = YES_AGGRESSIVE;
				CLANG_WARN_UNREACHABLE_CODE = YES;
				CLANG_WARN__DUPLICATE_METHOD_MATCH = YES;
				COPY_PHASE_STRIP = NO;
				DEBUG_INFORMATION_FORMAT = "dwarf-with-dsym";
				ENABLE_NS_ASSERTIONS = NO;
				ENABLE_STRICT_OBJC_MSGSEND = YES;
				GCC_C_LANGUAGE_STANDARD = gnu11;
				GCC_NO_COMMON_BLOCKS = YES;
				GCC_WARN_64_TO_32_BIT_CONVERSION = YES;
				GCC_WARN_ABOUT_RETURN_TYPE = YES_ERROR;
				GCC_WARN_UNDECLARED_SELECTOR = YES;
				GCC_WARN_UNINITIALIZED_AUTOS = YES_AGGRESSIVE;
				GCC_WARN_UNUSED_FUNCTION = YES;
				GCC_WARN_UNUSED_VARIABLE = YES;
				IPHONEOS_DEPLOYMENT_TARGET = 15.5;
				MTL_ENABLE_DEBUG_INFO = NO;
				MTL_FAST_MATH = YES;
				SDKROOT = iphoneos;
				SWIFT_COMPILATION_MODE = wholemodule;
				SWIFT_OPTIMIZATION_LEVEL = "-O";
				VALIDATE_PRODUCT = YES;
			};
			name = Release;
		};
		A894103328C0A85400E48929 /* Debug */ = {
			isa = XCBuildConfiguration;
			buildSettings = {
				ASSETCATALOG_COMPILER_APPICON_NAME = AppIcon;
				ASSETCATALOG_COMPILER_GLOBAL_ACCENT_COLOR_NAME = AccentColor;
				CODE_SIGN_STYLE = Automatic;
				CURRENT_PROJECT_VERSION = 1;
				DEVELOPMENT_ASSET_PATHS = "\"DesignCodeIOS15/Preview Content\"";
				DEVELOPMENT_TEAM = 48Q38658W7;
				ENABLE_PREVIEWS = YES;
				GENERATE_INFOPLIST_FILE = YES;
				INFOPLIST_KEY_UIApplicationSceneManifest_Generation = YES;
				INFOPLIST_KEY_UIApplicationSupportsIndirectInputEvents = YES;
				INFOPLIST_KEY_UILaunchScreen_Generation = YES;
				INFOPLIST_KEY_UISupportedInterfaceOrientations_iPad = "UIInterfaceOrientationPortrait UIInterfaceOrientationPortraitUpsideDown UIInterfaceOrientationLandscapeLeft UIInterfaceOrientationLandscapeRight";
				INFOPLIST_KEY_UISupportedInterfaceOrientations_iPhone = "UIInterfaceOrientationPortrait UIInterfaceOrientationLandscapeLeft UIInterfaceOrientationLandscapeRight";
				LD_RUNPATH_SEARCH_PATHS = (
					"$(inherited)",
					"@executable_path/Frameworks",
				);
				MARKETING_VERSION = 1.0;
				PRODUCT_BUNDLE_IDENTIFIER = BigNerdRanch.DesignCodeIOS15;
				PRODUCT_NAME = "$(TARGET_NAME)";
				SWIFT_EMIT_LOC_STRINGS = YES;
				SWIFT_VERSION = 5.0;
				TARGETED_DEVICE_FAMILY = "1,2";
			};
			name = Debug;
		};
		A894103428C0A85400E48929 /* Release */ = {
			isa = XCBuildConfiguration;
			buildSettings = {
				ASSETCATALOG_COMPILER_APPICON_NAME = AppIcon;
				ASSETCATALOG_COMPILER_GLOBAL_ACCENT_COLOR_NAME = AccentColor;
				CODE_SIGN_STYLE = Automatic;
				CURRENT_PROJECT_VERSION = 1;
				DEVELOPMENT_ASSET_PATHS = "\"DesignCodeIOS15/Preview Content\"";
				DEVELOPMENT_TEAM = 48Q38658W7;
				ENABLE_PREVIEWS = YES;
				GENERATE_INFOPLIST_FILE = YES;
				INFOPLIST_KEY_UIApplicationSceneManifest_Generation = YES;
				INFOPLIST_KEY_UIApplicationSupportsIndirectInputEvents = YES;
				INFOPLIST_KEY_UILaunchScreen_Generation = YES;
				INFOPLIST_KEY_UISupportedInterfaceOrientations_iPad = "UIInterfaceOrientationPortrait UIInterfaceOrientationPortraitUpsideDown UIInterfaceOrientationLandscapeLeft UIInterfaceOrientationLandscapeRight";
				INFOPLIST_KEY_UISupportedInterfaceOrientations_iPhone = "UIInterfaceOrientationPortrait UIInterfaceOrientationLandscapeLeft UIInterfaceOrientationLandscapeRight";
				LD_RUNPATH_SEARCH_PATHS = (
					"$(inherited)",
					"@executable_path/Frameworks",
				);
				MARKETING_VERSION = 1.0;
				PRODUCT_BUNDLE_IDENTIFIER = BigNerdRanch.DesignCodeIOS15;
				PRODUCT_NAME = "$(TARGET_NAME)";
				SWIFT_EMIT_LOC_STRINGS = YES;
				SWIFT_VERSION = 5.0;
				TARGETED_DEVICE_FAMILY = "1,2";
			};
			name = Release;
		};
/* End XCBuildConfiguration section */

/* Begin XCConfigurationList section */
		A894101F28C0A85300E48929 /* Build configuration list for PBXProject "DesignCodeIOS15" */ = {
			isa = XCConfigurationList;
			buildConfigurations = (
				A894103028C0A85400E48929 /* Debug */,
				A894103128C0A85400E48929 /* Release */,
			);
			defaultConfigurationIsVisible = 0;
			defaultConfigurationName = Release;
		};
		A894103228C0A85400E48929 /* Build configuration list for PBXNativeTarget "DesignCodeIOS15" */ = {
			isa = XCConfigurationList;
			buildConfigurations = (
				A894103328C0A85400E48929 /* Debug */,
				A894103428C0A85400E48929 /* Release */,
			);
			defaultConfigurationIsVisible = 0;
			defaultConfigurationName = Release;
		};
/* End XCConfigurationList section */
	};
	rootObject = A894101C28C0A85300E48929 /* Project object */;
}
